{
  "name": "navigate-trait",
  "version": "0.0.6",
  "lockfileVersion": 2,
  "requires": true,
  "packages": {
    "": {
      "version": "0.0.6",
      "license": "MIT",
      "dependencies": {
        "be-a-nav-link": "0.0.2",
        "xtal-decor": "0.0.22"
      }
    },
    "node_modules/be-a-nav-link": {
      "version": "0.0.2",
      "resolved": "https://registry.npmjs.org/be-a-nav-link/-/be-a-nav-link-0.0.2.tgz",
      "integrity": "sha512-uVrae7GyijpTYUQz7wwEe3fqt9nXojLW77EiaqX098ai9XQIsZZmQ0I3euVndXr+ih7zn+ISYrNk61JiNgIFJw==",
      "dependencies": {
        "xtal-decor": "0.0.22",
        "xtal-element": "0.0.305"
      }
    },
    "node_modules/be-a-nav-link/node_modules/xtal-element": {
      "version": "0.0.305",
      "resolved": "https://registry.npmjs.org/xtal-element/-/xtal-element-0.0.305.tgz",
      "integrity": "sha512-gY3KhNP8Ehlzq15ef0zZD1UtOmhJ/SJMsQRYkzYy2yQxqqRS09Vb74onySdJua3UorpEXna2ihYeQUAE8njCsg==",
      "dependencies": {
        "trans-render": "0.0.265"
      }
    },
    "node_modules/be-a-nav-link/node_modules/xtal-element/node_modules/trans-render": {
      "version": "0.0.265",
      "resolved": "https://registry.npmjs.org/trans-render/-/trans-render-0.0.265.tgz",
      "integrity": "sha512-PadzDZsSwE2EmMd61pwh9miE8wYYLySiFshK9CyDtgYXaDaXxxna4037ANDfUXDWvpjSEQhu7sUBfeAhA83FCQ=="
    },
    "node_modules/css-observe": {
      "version": "0.0.27",
      "resolved": "https://registry.npmjs.org/css-observe/-/css-observe-0.0.27.tgz",
      "integrity": "sha512-bXwsaYeuZ1+KT89kXVA4ijqhMXD4iGhEitFb/DV7SVFDsAOKc9NMWLqVmD6tTZV9Hb9+K/LXvrIYpqyRZSG6iw==",
      "dependencies": {
        "trans-render": "0.0.267",
        "xtal-element": "0.0.310"
      }
    },
    "node_modules/css-observe/node_modules/xtal-element": {
      "version": "0.0.310",
      "resolved": "https://registry.npmjs.org/xtal-element/-/xtal-element-0.0.310.tgz",
      "integrity": "sha512-lwGyTzuzJWPOWh3v0G1uDZ29GRkaaS8kqRLOmYbRCra1KshZ3bF4GMosBS+WIbhmCT49Xd3lVd4dKlzgTyFtuA==",
      "dependencies": {
        "trans-render": "0.0.267"
      }
    },
    "node_modules/trans-render": {
      "version": "0.0.267",
      "resolved": "https://registry.npmjs.org/trans-render/-/trans-render-0.0.267.tgz",
      "integrity": "sha512-A8pNuLG7yUSvm5Ce5DS3yAyXMJVdARKntvh5pninDTNKBI/bHJiBnd4WCbp8sN6W6k/wbaoy7tWhwtKfTgLXHQ=="
    },
    "node_modules/xtal-decor": {
      "version": "0.0.22",
      "resolved": "https://registry.npmjs.org/xtal-decor/-/xtal-decor-0.0.22.tgz",
      "integrity": "sha512-6FJ2IMoU1+aLa0z4oPT3ObRXsAK00KiSzFtfVpgWExuq3mC9loEG+XsocsOKxQN5MiNxXJ4z+9BDQ7auZw2eIA==",
      "dependencies": {
        "css-observe": "0.0.27",
        "trans-render": "0.0.269",
        "xtal-element": "0.0.315"
      }
    },
    "node_modules/xtal-decor/node_modules/trans-render": {
      "version": "0.0.269",
      "resolved": "https://registry.npmjs.org/trans-render/-/trans-render-0.0.269.tgz",
      "integrity": "sha512-Db+wK9uwjf/uvFCdGKpSfrdk2mdgNYtqOD3LHb7lKcuIPy7mgBcFYmyuLVtubzpp1iE5LtoE8Am1szRysQ+mag=="
    },
    "node_modules/xtal-element": {
      "version": "0.0.315",
      "resolved": "https://registry.npmjs.org/xtal-element/-/xtal-element-0.0.315.tgz",
      "integrity": "sha512-/fiDJux2obkZiFXBD8Edsc9D7VwvI9cOWCtNlct2Kttlotr92RBqpekoekvr9aeO9L6WVyFFWdwv+UJMEEvLAA==",
      "license": "MIT",
      "dependencies": {
        "trans-render": "0.0.269"
      }
    },
    "node_modules/xtal-element/node_modules/trans-render": {
      "version": "0.0.269",
      "resolved": "https://registry.npmjs.org/trans-render/-/trans-render-0.0.269.tgz",
      "integrity": "sha512-Db+wK9uwjf/uvFCdGKpSfrdk2mdgNYtqOD3LHb7lKcuIPy7mgBcFYmyuLVtubzpp1iE5LtoE8Am1szRysQ+mag=="
    }
  },
  "dependencies": {
    "be-a-nav-link": {
      "version": "0.0.2",
      "resolved": "https://registry.npmjs.org/be-a-nav-link/-/be-a-nav-link-0.0.2.tgz",
      "integrity": "sha512-uVrae7GyijpTYUQz7wwEe3fqt9nXojLW77EiaqX098ai9XQIsZZmQ0I3euVndXr+ih7zn+ISYrNk61JiNgIFJw==",
      "requires": {
        "xtal-decor": "0.0.22",
        "xtal-element": "0.0.305"
      },
      "dependencies": {
        "xtal-element": {
          "version": "0.0.305",
          "resolved": "https://registry.npmjs.org/xtal-element/-/xtal-element-0.0.305.tgz",
          "integrity": "sha512-gY3KhNP8Ehlzq15ef0zZD1UtOmhJ/SJMsQRYkzYy2yQxqqRS09Vb74onySdJua3UorpEXna2ihYeQUAE8njCsg==",
          "requires": {
            "trans-render": "0.0.265"
          },
          "dependencies": {
            "trans-render": {
              "version": "0.0.265",
              "resolved": "https://registry.npmjs.org/trans-render/-/trans-render-0.0.265.tgz",
              "integrity": "sha512-PadzDZsSwE2EmMd61pwh9miE8wYYLySiFshK9CyDtgYXaDaXxxna4037ANDfUXDWvpjSEQhu7sUBfeAhA83FCQ=="
            }
          }
        }
      }
    },
    "css-observe": {
      "version": "0.0.27",
      "resolved": "https://registry.npmjs.org/css-observe/-/css-observe-0.0.27.tgz",
      "integrity": "sha512-bXwsaYeuZ1+KT89kXVA4ijqhMXD4iGhEitFb/DV7SVFDsAOKc9NMWLqVmD6tTZV9Hb9+K/LXvrIYpqyRZSG6iw==",
      "requires": {
        "trans-render": "0.0.267",
        "xtal-element": "0.0.310"
      },
      "dependencies": {
        "xtal-element": {
          "version": "0.0.310",
          "resolved": "https://registry.npmjs.org/xtal-element/-/xtal-element-0.0.310.tgz",
          "integrity": "sha512-lwGyTzuzJWPOWh3v0G1uDZ29GRkaaS8kqRLOmYbRCra1KshZ3bF4GMosBS+WIbhmCT49Xd3lVd4dKlzgTyFtuA==",
          "requires": {
            "trans-render": "0.0.267"
          }
        }
      }
    },
    "trans-render": {
      "version": "0.0.267",
      "resolved": "https://registry.npmjs.org/trans-render/-/trans-render-0.0.267.tgz",
      "integrity": "sha512-A8pNuLG7yUSvm5Ce5DS3yAyXMJVdARKntvh5pninDTNKBI/bHJiBnd4WCbp8sN6W6k/wbaoy7tWhwtKfTgLXHQ=="
    },
    "xtal-decor": {
      "version": "0.0.22",
      "resolved": "https://registry.npmjs.org/xtal-decor/-/xtal-decor-0.0.22.tgz",
      "integrity": "sha512-6FJ2IMoU1+aLa0z4oPT3ObRXsAK00KiSzFtfVpgWExuq3mC9loEG+XsocsOKxQN5MiNxXJ4z+9BDQ7auZw2eIA==",
      "requires": {
        "css-observe": "0.0.27",
        "trans-render": "0.0.269",
        "xtal-element": "0.0.315"
      },
      "dependencies": {
        "trans-render": {
          "version": "0.0.269",
          "resolved": "https://registry.npmjs.org/trans-render/-/trans-render-0.0.269.tgz",
          "integrity": "sha512-Db+wK9uwjf/uvFCdGKpSfrdk2mdgNYtqOD3LHb7lKcuIPy7mgBcFYmyuLVtubzpp1iE5LtoE8Am1szRysQ+mag=="
        }
      }
    },
    "xtal-element": {
      "version": "0.0.315",
      "resolved": "https://registry.npmjs.org/xtal-element/-/xtal-element-0.0.315.tgz",
      "integrity": "sha512-/fiDJux2obkZiFXBD8Edsc9D7VwvI9cOWCtNlct2Kttlotr92RBqpekoekvr9aeO9L6WVyFFWdwv+UJMEEvLAA==",
      "requires": {
        "trans-render": "0.0.269"
      },
      "dependencies": {
        "trans-render": {
          "version": "0.0.269",
          "resolved": "https://registry.npmjs.org/trans-render/-/trans-render-0.0.269.tgz",
          "integrity": "sha512-Db+wK9uwjf/uvFCdGKpSfrdk2mdgNYtqOD3LHb7lKcuIPy7mgBcFYmyuLVtubzpp1iE5LtoE8Am1szRysQ+mag=="
        }
      }
    }
  }
}
