{
  "name": "navigate-trait",
  "version": "0.0.7",
  "lockfileVersion": 2,
  "requires": true,
  "packages": {
    "": {
      "version": "0.0.7",
      "license": "MIT",
      "dependencies": {
        "be-a-nav-link": "0.0.3",
        "xtal-decor": "0.0.23"
      }
    },
    "node_modules/be-a-nav-link": {
      "version": "0.0.3",
      "resolved": "https://registry.npmjs.org/be-a-nav-link/-/be-a-nav-link-0.0.3.tgz",
      "integrity": "sha512-CweQHF01pVHcaEe0pVyXyUvQ+ch6pJAZvcKeMNcne/9UOJtxpBXf+jdCkgjr7/qZMdwtQdRVlFUYtPgMtO03wA==",
      "dependencies": {
        "xtal-decor": "0.0.23",
        "xtal-element": "0.0.315"
      }
    },
    "node_modules/css-observe": {
      "version": "0.0.27",
      "resolved": "https://registry.npmjs.org/css-observe/-/css-observe-0.0.27.tgz",
      "integrity": "sha512-bXwsaYeuZ1+KT89kXVA4ijqhMXD4iGhEitFb/DV7SVFDsAOKc9NMWLqVmD6tTZV9Hb9+K/LXvrIYpqyRZSG6iw==",
      "dependencies": {
        "trans-render": "0.0.267",
        "xtal-element": "0.0.310"
      }
    },
    "node_modules/css-observe/node_modules/trans-render": {
      "version": "0.0.267",
      "resolved": "https://registry.npmjs.org/trans-render/-/trans-render-0.0.267.tgz",
      "integrity": "sha512-A8pNuLG7yUSvm5Ce5DS3yAyXMJVdARKntvh5pninDTNKBI/bHJiBnd4WCbp8sN6W6k/wbaoy7tWhwtKfTgLXHQ=="
    },
    "node_modules/css-observe/node_modules/xtal-element": {
      "version": "0.0.310",
      "resolved": "https://registry.npmjs.org/xtal-element/-/xtal-element-0.0.310.tgz",
      "integrity": "sha512-lwGyTzuzJWPOWh3v0G1uDZ29GRkaaS8kqRLOmYbRCra1KshZ3bF4GMosBS+WIbhmCT49Xd3lVd4dKlzgTyFtuA==",
      "dependencies": {
        "trans-render": "0.0.267"
      }
    },
    "node_modules/trans-render": {
      "version": "0.0.269",
      "resolved": "https://registry.npmjs.org/trans-render/-/trans-render-0.0.269.tgz",
      "integrity": "sha512-Db+wK9uwjf/uvFCdGKpSfrdk2mdgNYtqOD3LHb7lKcuIPy7mgBcFYmyuLVtubzpp1iE5LtoE8Am1szRysQ+mag=="
    },
    "node_modules/xtal-decor": {
      "version": "0.0.23",
      "resolved": "https://registry.npmjs.org/xtal-decor/-/xtal-decor-0.0.23.tgz",
      "integrity": "sha512-tEiR82FCsRfkxHPe/0ZJ5EDi3CccsDw+2foGNFpvoUFYojvNnd2Jlm+7uQbI83+AMRJpb4bWKpASsGsOezKWjA==",
      "dependencies": {
        "css-observe": "0.0.27",
        "trans-render": "0.0.269",
        "xtal-element": "0.0.315"
      }
    },
    "node_modules/xtal-element": {
      "version": "0.0.315",
      "resolved": "https://registry.npmjs.org/xtal-element/-/xtal-element-0.0.315.tgz",
      "integrity": "sha512-/fiDJux2obkZiFXBD8Edsc9D7VwvI9cOWCtNlct2Kttlotr92RBqpekoekvr9aeO9L6WVyFFWdwv+UJMEEvLAA==",
      "dependencies": {
        "trans-render": "0.0.269"
      }
    }
  },
  "dependencies": {
    "be-a-nav-link": {
      "version": "0.0.3",
      "resolved": "https://registry.npmjs.org/be-a-nav-link/-/be-a-nav-link-0.0.3.tgz",
      "integrity": "sha512-CweQHF01pVHcaEe0pVyXyUvQ+ch6pJAZvcKeMNcne/9UOJtxpBXf+jdCkgjr7/qZMdwtQdRVlFUYtPgMtO03wA==",
      "requires": {
        "xtal-decor": "0.0.23",
        "xtal-element": "0.0.315"
      }
    },
    "css-observe": {
      "version": "0.0.27",
      "resolved": "https://registry.npmjs.org/css-observe/-/css-observe-0.0.27.tgz",
      "integrity": "sha512-bXwsaYeuZ1+KT89kXVA4ijqhMXD4iGhEitFb/DV7SVFDsAOKc9NMWLqVmD6tTZV9Hb9+K/LXvrIYpqyRZSG6iw==",
      "requires": {
        "trans-render": "0.0.267",
        "xtal-element": "0.0.310"
      },
      "dependencies": {
        "trans-render": {
          "version": "0.0.267",
          "resolved": "https://registry.npmjs.org/trans-render/-/trans-render-0.0.267.tgz",
          "integrity": "sha512-A8pNuLG7yUSvm5Ce5DS3yAyXMJVdARKntvh5pninDTNKBI/bHJiBnd4WCbp8sN6W6k/wbaoy7tWhwtKfTgLXHQ=="
        },
        "xtal-element": {
          "version": "0.0.310",
          "resolved": "https://registry.npmjs.org/xtal-element/-/xtal-element-0.0.310.tgz",
          "integrity": "sha512-lwGyTzuzJWPOWh3v0G1uDZ29GRkaaS8kqRLOmYbRCra1KshZ3bF4GMosBS+WIbhmCT49Xd3lVd4dKlzgTyFtuA==",
          "requires": {
            "trans-render": "0.0.267"
          }
        }
      }
    },
    "trans-render": {
      "version": "0.0.269",
      "resolved": "https://registry.npmjs.org/trans-render/-/trans-render-0.0.269.tgz",
      "integrity": "sha512-Db+wK9uwjf/uvFCdGKpSfrdk2mdgNYtqOD3LHb7lKcuIPy7mgBcFYmyuLVtubzpp1iE5LtoE8Am1szRysQ+mag=="
    },
    "xtal-decor": {
      "version": "0.0.23",
      "resolved": "https://registry.npmjs.org/xtal-decor/-/xtal-decor-0.0.23.tgz",
      "integrity": "sha512-tEiR82FCsRfkxHPe/0ZJ5EDi3CccsDw+2foGNFpvoUFYojvNnd2Jlm+7uQbI83+AMRJpb4bWKpASsGsOezKWjA==",
      "requires": {
        "css-observe": "0.0.27",
        "trans-render": "0.0.269",
        "xtal-element": "0.0.315"
      }
    },
    "xtal-element": {
      "version": "0.0.315",
      "resolved": "https://registry.npmjs.org/xtal-element/-/xtal-element-0.0.315.tgz",
      "integrity": "sha512-/fiDJux2obkZiFXBD8Edsc9D7VwvI9cOWCtNlct2Kttlotr92RBqpekoekvr9aeO9L6WVyFFWdwv+UJMEEvLAA==",
      "requires": {
        "trans-render": "0.0.269"
      }
    }
  }
}
